// !$*UTF8*$!
{
	archiveVersion = 1;
	classes = {
	};
	objectVersion = 48;
	objects = {

/* Begin PBXBuildFile section */
		1604E627203FF9BF00A1B6AE /* AppDelegate.swift in Sources */ = {isa = PBXBuildFile; fileRef = 1604E626203FF9BF00A1B6AE /* AppDelegate.swift */; };
		1604E629203FF9BF00A1B6AE /* ViewController.swift in Sources */ = {isa = PBXBuildFile; fileRef = 1604E628203FF9BF00A1B6AE /* ViewController.swift */; };
		1604E62C203FF9BF00A1B6AE /* Main.storyboard in Resources */ = {isa = PBXBuildFile; fileRef = 1604E62A203FF9BF00A1B6AE /* Main.storyboard */; };
		1604E62E203FF9BF00A1B6AE /* Assets.xcassets in Resources */ = {isa = PBXBuildFile; fileRef = 1604E62D203FF9BF00A1B6AE /* Assets.xcassets */; };
		1604E631203FF9BF00A1B6AE /* LaunchScreen.storyboard in Resources */ = {isa = PBXBuildFile; fileRef = 1604E62F203FF9BF00A1B6AE /* LaunchScreen.storyboard */; };
		1604E63A203FF9D800A1B6AE /* UncaughtExceptionHandler.mm in Sources */ = {isa = PBXBuildFile; fileRef = 1604E638203FF9D800A1B6AE /* UncaughtExceptionHandler.mm */; };
		1604E63D203FFA8700A1B6AE /* TestCrash.mm in Sources */ = {isa = PBXBuildFile; fileRef = 1604E63C203FFA8700A1B6AE /* TestCrash.mm */; };
		1604E64120412DD900A1B6AE /* crash.cpp in Sources */ = {isa = PBXBuildFile; fileRef = 1604E63F20412DD900A1B6AE /* crash.cpp */; };
/* End PBXBuildFile section */

/* Begin PBXFileReference section */
		1604E623203FF9BF00A1B6AE /* testCrash.app */ = {isa = PBXFileReference; explicitFileType = wrapper.application; includeInIndex = 0; path = testCrash.app; sourceTree = BUILT_PRODUCTS_DIR; };
		1604E626203FF9BF00A1B6AE /* AppDelegate.swift */ = {isa = PBXFileReference; lastKnownFileType = sourcecode.swift; path = AppDelegate.swift; sourceTree = "<group>"; };
		1604E628203FF9BF00A1B6AE /* ViewController.swift */ = {isa = PBXFileReference; lastKnownFileType = sourcecode.swift; path = ViewController.swift; sourceTree = "<group>"; };
		1604E62B203FF9BF00A1B6AE /* Base */ = {isa = PBXFileReference; lastKnownFileType = file.storyboard; name = Base; path = Base.lproj/Main.storyboard; sourceTree = "<group>"; };
		1604E62D203FF9BF00A1B6AE /* Assets.xcassets */ = {isa = PBXFileReference; lastKnownFileType = folder.assetcatalog; path = Assets.xcassets; sourceTree = "<group>"; };
		1604E630203FF9BF00A1B6AE /* Base */ = {isa = PBXFileReference; lastKnownFileType = file.storyboard; name = Base; path = Base.lproj/LaunchScreen.storyboard; sourceTree = "<group>"; };
		1604E632203FF9BF00A1B6AE /* Info.plist */ = {isa = PBXFileReference; lastKnownFileType = text.plist.xml; path = Info.plist; sourceTree = "<group>"; };
		1604E638203FF9D800A1B6AE /* UncaughtExceptionHandler.mm */ = {isa = PBXFileReference; fileEncoding = 4; lastKnownFileType = sourcecode.cpp.objcpp; path = UncaughtExceptionHandler.mm; sourceTree = "<group>"; };
		1604E639203FF9D800A1B6AE /* UncaughtExceptionHandler.h */ = {isa = PBXFileReference; fileEncoding = 4; lastKnownFileType = sourcecode.c.h; path = UncaughtExceptionHandler.h; sourceTree = "<group>"; };
		1604E63B203FFA8700A1B6AE /* TestCrash.h */ = {isa = PBXFileReference; lastKnownFileType = sourcecode.c.h; path = TestCrash.h; sourceTree = "<group>"; };
		1604E63C203FFA8700A1B6AE /* TestCrash.mm */ = {isa = PBXFileReference; lastKnownFileType = sourcecode.cpp.objcpp; path = TestCrash.mm; sourceTree = "<group>"; };
		1604E63E203FFB6C00A1B6AE /* testCrash-Bridging-Header.h */ = {isa = PBXFileReference; lastKnownFileType = sourcecode.c.h; path = "testCrash-Bridging-Header.h"; sourceTree = "<group>"; };
		1604E63F20412DD900A1B6AE /* crash.cpp */ = {isa = PBXFileReference; lastKnownFileType = sourcecode.cpp.cpp; path = crash.cpp; sourceTree = "<group>"; };
		1604E64020412DD900A1B6AE /* crash.hpp */ = {isa = PBXFileReference; lastKnownFileType = sourcecode.cpp.h; path = crash.hpp; sourceTree = "<group>"; };
/* End PBXFileReference section */

/* Begin PBXFrameworksBuildPhase section */
		1604E620203FF9BF00A1B6AE /* Frameworks */ = {
			isa = PBXFrameworksBuildPhase;
			buildActionMask = 2147483647;
			files = (
			);
			runOnlyForDeploymentPostprocessing = 0;
		};
/* End PBXFrameworksBuildPhase section */

/* Begin PBXGroup section */
		1604E61A203FF9BF00A1B6AE = {
			isa = PBXGroup;
			children = (
				1604E625203FF9BF00A1B6AE /* testCrash */,
				1604E624203FF9BF00A1B6AE /* Products */,
			);
			sourceTree = "<group>";
		};
		1604E624203FF9BF00A1B6AE /* Products */ = {
			isa = PBXGroup;
			children = (
				1604E623203FF9BF00A1B6AE /* testCrash.app */,
			);
			name = Products;
			sourceTree = "<group>";
		};
		1604E625203FF9BF00A1B6AE /* testCrash */ = {
			isa = PBXGroup;
			children = (
				1604E626203FF9BF00A1B6AE /* AppDelegate.swift */,
				1604E628203FF9BF00A1B6AE /* ViewController.swift */,
				1604E639203FF9D800A1B6AE /* UncaughtExceptionHandler.h */,
				1604E638203FF9D800A1B6AE /* UncaughtExceptionHandler.mm */,
				1604E62A203FF9BF00A1B6AE /* Main.storyboard */,
				1604E62D203FF9BF00A1B6AE /* Assets.xcassets */,
				1604E62F203FF9BF00A1B6AE /* LaunchScreen.storyboard */,
				1604E632203FF9BF00A1B6AE /* Info.plist */,
				1604E63F20412DD900A1B6AE /* crash.cpp */,
				1604E64020412DD900A1B6AE /* crash.hpp */,
				1604E63B203FFA8700A1B6AE /* TestCrash.h */,
				1604E63C203FFA8700A1B6AE /* TestCrash.mm */,
				1604E63E203FFB6C00A1B6AE /* testCrash-Bridging-Header.h */,
			);
			path = testCrash;
			sourceTree = "<group>";
		};
/* End PBXGroup section */

/* Begin PBXNativeTarget section */
		1604E622203FF9BF00A1B6AE /* testCrash */ = {
			isa = PBXNativeTarget;
			buildConfigurationList = 1604E635203FF9BF00A1B6AE /* Build configuration list for PBXNativeTarget "testCrash" */;
			buildPhases = (
				1604E61F203FF9BF00A1B6AE /* Sources */,
				1604E620203FF9BF00A1B6AE /* Frameworks */,
				1604E621203FF9BF00A1B6AE /* Resources */,
			);
			buildRules = (
			);
			dependencies = (
			);
			name = testCrash;
			productName = testCrash;
			productReference = 1604E623203FF9BF00A1B6AE /* testCrash.app */;
			productType = "com.apple.product-type.application";
		};
/* End PBXNativeTarget section */

/* Begin PBXProject section */
		1604E61B203FF9BF00A1B6AE /* Project object */ = {
			isa = PBXProject;
			attributes = {
				LastSwiftUpdateCheck = 0920;
				LastUpgradeCheck = 0920;
				ORGANIZATIONNAME = "Jacob Jiang";
				TargetAttributes = {
					1604E622203FF9BF00A1B6AE = {
						CreatedOnToolsVersion = 9.2;
						ProvisioningStyle = Automatic;
					};
				};
			};
			buildConfigurationList = 1604E61E203FF9BF00A1B6AE /* Build configuration list for PBXProject "testCrash" */;
			compatibilityVersion = "Xcode 8.0";
			developmentRegion = en;
			hasScannedForEncodings = 0;
			knownRegions = (
				en,
				Base,
			);
			mainGroup = 1604E61A203FF9BF00A1B6AE;
			productRefGroup = 1604E624203FF9BF00A1B6AE /* Products */;
			projectDirPath = "";
			projectRoot = "";
			targets = (
				1604E622203FF9BF00A1B6AE /* testCrash */,
			);
		};
/* End PBXProject section */

/* Begin PBXResourcesBuildPhase section */
		1604E621203FF9BF00A1B6AE /* Resources */ = {
			isa = PBXResourcesBuildPhase;
			buildActionMask = 2147483647;
			files = (
				1604E631203FF9BF00A1B6AE /* LaunchScreen.storyboard in Resources */,
				1604E62E203FF9BF00A1B6AE /* Assets.xcassets in Resources */,
				1604E62C203FF9BF00A1B6AE /* Main.storyboard in Resources */,
			);
			runOnlyForDeploymentPostprocessing = 0;
		};
/* End PBXResourcesBuildPhase section */

/* Begin PBXSourcesBuildPhase section */
		1604E61F203FF9BF00A1B6AE /* Sources */ = {
			isa = PBXSourcesBuildPhase;
			buildActionMask = 2147483647;
			files = (
				1604E64120412DD900A1B6AE /* crash.cpp in Sources */,
				1604E63A203FF9D800A1B6AE /* UncaughtExceptionHandler.mm in Sources */,
				1604E63D203FFA8700A1B6AE /* TestCrash.mm in Sources */,
				1604E629203FF9BF00A1B6AE /* ViewController.swift in Sources */,
				1604E627203FF9BF00A1B6AE /* AppDelegate.swift in Sources */,
			);
			runOnlyForDeploymentPostprocessing = 0;
		};
/* End PBXSourcesBuildPhase section */

/* Begin PBXVariantGroup section */
		1604E62A203FF9BF00A1B6AE /* Main.storyboard */ = {
			isa = PBXVariantGroup;
			children = (
				1604E62B203FF9BF00A1B6AE /* Base */,
			);
			name = Main.storyboard;
			sourceTree = "<group>";
		};
		1604E62F203FF9BF00A1B6AE /* LaunchScreen.storyboard */ = {
			isa = PBXVariantGroup;
			children = (
				1604E630203FF9BF00A1B6AE /* Base */,
			);
			name = LaunchScreen.storyboard;
			sourceTree = "<group>";
		};
/* End PBXVariantGroup section */

/* Begin XCBuildConfiguration section */
		1604E633203FF9BF00A1B6AE /* Debug */ = {
			isa = XCBuildConfiguration;
			buildSettings = {
				ALWAYS_SEARCH_USER_PATHS = NO;
				CLANG_ANALYZER_NONNULL = YES;
				CLANG_ANALYZER_NUMBER_OBJECT_CONVERSION = YES_AGGRESSIVE;
				CLANG_CXX_LANGUAGE_STANDARD = "gnu++14";
				CLANG_CXX_LIBRARY = "libc++";
				CLANG_ENABLE_MODULES = YES;
				CLANG_ENABLE_OBJC_ARC = YES;
				CLANG_WARN_BLOCK_CAPTURE_AUTORELEASING = YES;
				CLANG_WARN_BOOL_CONVERSION = YES;
				CLANG_WARN_COMMA = YES;
				CLANG_WARN_CONSTANT_CONVERSION = YES;
				CLANG_WARN_DIRECT_OBJC_ISA_USAGE = YES_ERROR;
				CLANG_WARN_DOCUMENTATION_COMMENTS = YES;
				CLANG_WARN_EMPTY_BODY = YES;
				CLANG_WARN_ENUM_CONVERSION = YES;
				CLANG_WARN_INFINITE_RECURSION = YES;
				CLANG_WARN_INT_CONVERSION = YES;
				CLANG_WARN_NON_LITERAL_NULL_CONVERSION = YES;
				CLANG_WARN_OBJC_LITERAL_CONVERSION = YES;
				CLANG_WARN_OBJC_ROOT_CLASS = YES_ERROR;
				CLANG_WARN_RANGE_LOOP_ANALYSIS = YES;
				CLANG_WARN_STRICT_PROTOTYPES = YES;
				CLANG_WARN_SUSPICIOUS_MOVE = YES;
				CLANG_WARN_UNGUARDED_AVAILABILITY = YES_AGGRESSIVE;
				CLANG_WARN_UNREACHABLE_CODE = YES;
				CLANG_WARN__DUPLICATE_METHOD_MATCH = YES;
				CODE_SIGN_IDENTITY = "iPhone Developer";
				COPY_PHASE_STRIP = NO;
				DEBUG_INFORMATION_FORMAT = dwarf;
				ENABLE_STRICT_OBJC_MSGSEND = YES;
				ENABLE_TESTABILITY = YES;
				GCC_C_LANGUAGE_STANDARD = gnu11;
				GCC_DYNAMIC_NO_PIC = NO;
				GCC_NO_COMMON_BLOCKS = YES;
				GCC_OPTIMIZATION_LEVEL = 0;
				GCC_PREPROCESSOR_DEFINITIONS = (
					"DEBUG=1",
					"$(inherited)",
				);
				GCC_WARN_64_TO_32_BIT_CONVERSION = YES;
				GCC_WARN_ABOUT_RETURN_TYPE = YES_ERROR;
				GCC_WARN_UNDECLARED_SELECTOR = YES;
				GCC_WARN_UNINITIALIZED_AUTOS = YES_AGGRESSIVE;
				GCC_WARN_UNUSED_FUNCTION = YES;
				GCC_WARN_UNUSED_VARIABLE = YES;
				IPHONEOS_DEPLOYMENT_TARGET = 11.2;
				MTL_ENABLE_DEBUG_INFO = YES;
				ONLY_ACTIVE_ARCH = YES;
				SDKROOT = iphoneos;
				SWIFT_ACTIVE_COMPILATION_CONDITIONS = DEBUG;
				SWIFT_OPTIMIZATION_LEVEL = "-Onone";
			};
			name = Debug;
		};
		1604E634203FF9BF00A1B6AE /* Release */ = {
			isa = XCBuildConfiguration;
			buildSettings = {
				ALWAYS_SEARCH_USER_PATHS = NO;
				CLANG_ANALYZER_NONNULL = YES;
				CLANG_ANALYZER_NUMBER_OBJECT_CONVERSION = YES_AGGRESSIVE;
				CLANG_CXX_LANGUAGE_STANDARD = "gnu++14";
				CLANG_CXX_LIBRARY = "libc++";
				CLANG_ENABLE_MODULES = YES;
				CLANG_ENABLE_OBJC_ARC = YES;
				CLANG_WARN_BLOCK_CAPTURE_AUTORELEASING = YES;
				CLANG_WARN_BOOL_CONVERSION = YES;
				CLANG_WARN_COMMA = YES;
				CLANG_WARN_CONSTANT_CONVERSION = YES;
				CLANG_WARN_DIRECT_OBJC_ISA_USAGE = YES_ERROR;
				CLANG_WARN_DOCUMENTATION_COMMENTS = YES;
				CLANG_WARN_EMPTY_BODY = YES;
				CLANG_WARN_ENUM_CONVERSION = YES;
				CLANG_WARN_INFINITE_RECURSION = YES;
				CLANG_WARN_INT_CONVERSION = YES;
				CLANG_WARN_NON_LITERAL_NULL_CONVERSION = YES;
				CLANG_WARN_OBJC_LITERAL_CONVERSION = YES;
				CLANG_WARN_OBJC_ROOT_CLASS = YES_ERROR;
				CLANG_WARN_RANGE_LOOP_ANALYSIS = YES;
				CLANG_WARN_STRICT_PROTOTYPES = YES;
				CLANG_WARN_SUSPICIOUS_MOVE = YES;
				CLANG_WARN_UNGUARDED_AVAILABILITY = YES_AGGRESSIVE;
				CLANG_WARN_UNREACHABLE_CODE = YES;
				CLANG_WARN__DUPLICATE_METHOD_MATCH = YES;
				CODE_SIGN_IDENTITY = "iPhone Developer";
				COPY_PHASE_STRIP = NO;
				DEBUG_INFORMATION_FORMAT = "dwarf-with-dsym";
				ENABLE_NS_ASSERTIONS = NO;
				ENABLE_STRICT_OBJC_MSGSEND = YES;
				GCC_C_LANGUAGE_STANDARD = gnu11;
				GCC_NO_COMMON_BLOCKS = YES;
				GCC_WARN_64_TO_32_BIT_CONVERSION = YES;
				GCC_WARN_ABOUT_RETURN_TYPE = YES_ERROR;
				GCC_WARN_UNDECLARED_SELECTOR = YES;
				GCC_WARN_UNINITIALIZED_AUTOS = YES_AGGRESSIVE;
				GCC_WARN_UNUSED_FUNCTION = YES;
				GCC_WARN_UNUSED_VARIABLE = YES;
				IPHONEOS_DEPLOYMENT_TARGET = 11.2;
				MTL_ENABLE_DEBUG_INFO = NO;
				SDKROOT = iphoneos;
				SWIFT_OPTIMIZATION_LEVEL = "-Owholemodule";
				VALIDATE_PRODUCT = YES;
			};
			name = Release;
		};
		1604E636203FF9BF00A1B6AE /* Debug */ = {
			isa = XCBuildConfiguration;
			buildSettings = {
				ASSETCATALOG_COMPILER_APPICON_NAME = AppIcon;
				CODE_SIGN_STYLE = Automatic;
				DEVELOPMENT_TEAM = M932RC5J66;
				ENABLE_BITCODE = NO;
				INFOPLIST_FILE = testCrash/Info.plist;
				LD_RUNPATH_SEARCH_PATHS = "$(inherited) @executable_path/Frameworks";
				PRODUCT_BUNDLE_IDENTIFIER = com.glip.mobiletesta;
				PRODUCT_NAME = "$(TARGET_NAME)";
				SWIFT_OBJC_BRIDGING_HEADER = "testCrash/testCrash-Bridging-Header.h";
				SWIFT_VERSION = 4.0;
				TARGETED_DEVICE_FAMILY = "1,2";
			};
			name = Debug;
		};
		1604E637203FF9BF00A1B6AE /* Release */ = {
			isa = XCBuildConfiguration;
			buildSettings = {
				ASSETCATALOG_COMPILER_APPICON_NAME = AppIcon;
				CODE_SIGN_STYLE = Automatic;
				DEBUG_INFORMATION_FORMAT = dwarf;
				DEVELOPMENT_TEAM = M932RC5J66;
				ENABLE_BITCODE = NO;
				ENABLE_NS_ASSERTIONS = YES;
				ENABLE_TESTABILITY = YES;
				GCC_OPTIMIZATION_LEVEL = 0;
				INFOPLIST_FILE = testCrash/Info.plist;
				LD_RUNPATH_SEARCH_PATHS = "$(inherited) @executable_path/Frameworks";
				MTL_ENABLE_DEBUG_INFO = YES;
				PRODUCT_BUNDLE_IDENTIFIER = com.glip.mobiletesta;
				PRODUCT_NAME = "$(TARGET_NAME)";
				SWIFT_OBJC_BRIDGING_HEADER = "testCrash/testCrash-Bridging-Header.h";
				SWIFT_OPTIMIZATION_LEVEL = "-Onone";
				SWIFT_VERSION = 4.0;
				TARGETED_DEVICE_FAMILY = "1,2";
			};
			name = Release;
		};
/* End XCBuildConfiguration section */

/* Begin XCConfigurationList section */
		1604E61E203FF9BF00A1B6AE /* Build configuration list for PBXProject "testCrash" */ = {
			isa = XCConfigurationList;
			buildConfigurations = (
				1604E633203FF9BF00A1B6AE /* Debug */,
				1604E634203FF9BF00A1B6AE /* Release */,
			);
			defaultConfigurationIsVisible = 0;
			defaultConfigurationName = Release;
		};
		1604E635203FF9BF00A1B6AE /* Build configuration list for PBXNativeTarget "testCrash" */ = {
			isa = XCConfigurationList;
			buildConfigurations = (
				1604E636203FF9BF00A1B6AE /* Debug */,
				1604E637203FF9BF00A1B6AE /* Release */,
			);
			defaultConfigurationIsVisible = 0;
			defaultConfigurationName = Release;
		};
/* End XCConfigurationList section */
	};
	rootObject = 1604E61B203FF9BF00A1B6AE /* Project object */;
}
